{
  "originHash" : "8682beb9a8713fa1cb67121b73aa4fc3aefdfdb582e8b198da09ef7c0073839b",
  "pins" : [
    {
      "identity" : "kingfisher",
      "kind" : "remoteSourceControl",
      "location" : "https://github.com/onevcat/Kingfisher",
      "state" : {
        "revision" : "2015fda791daa72c8058619545a593bf8c1dd59f",
        "version" : "8.5.0"
      }
    },
    {
      "identity" : "lucide-icons-swift",
      "kind" : "remoteSourceControl",
      "location" : "https://github.com/JakubMazur/lucide-icons-swift.git",
      "state" : {
        "revision" : "209e6d8e3514bd0967e3a38f253a7950afd6ebe5",
        "version" : "0.542.0"
      }
    },
    {
      "identity" : "swiftfulloadingindicators",
      "kind" : "remoteSourceControl",
      "location" : "https://github.com/SwiftfulThinking/SwiftfulLoadingIndicators.git",
      "state" : {
        "revision" : "85858c0246dcd781228301f9928519f75ce89758",
        "version" : "0.0.4"
      }
    }
  ],
  "version" : 3
}
